
Microsoft Visual Studio Solution File, Format Version 12.00
# Visual Studio 15
VisualStudioVersion = 15.0.28307.1209
MinimumVisualStudioVersion = 10.0.40219.1
Project("{FAE04EC0-301F-11D3-BF4B-00C04F79EFBC}") = "ProjetoEmpresa", "ProjetoEmpresa\ProjetoEmpresa.csproj", "{2D9C0A8A-1FFF-4A58-8AA9-5FD513E54EA4}"
EndProject
Global
	GlobalSection(SolutionConfigurationPlatforms) = preSolution
		Debug|Any CPU = Debug|Any CPU
		Release|Any CPU = Release|Any CPU
	EndGlobalSection
	GlobalSection(ProjectConfigurationPlatforms) = postSolution
		{2D9C0A8A-1FFF-4A58-8AA9-5FD513E54EA4}.Debug|Any CPU.ActiveCfg = Debug|Any CPU
		{2D9C0A8A-1FFF-4A58-8AA9-5FD513E54EA4}.Debug|Any CPU.Build.0 = Debug|Any CPU
		{2D9C0A8A-1FFF-4A58-8AA9-5FD513E54EA4}.Release|Any CPU.ActiveCfg = Release|Any CPU
		{2D9C0A8A-1FFF-4A58-8AA9-5FD513E54EA4}.Release|Any CPU.Build.0 = Release|Any CPU
	EndGlobalSection
	GlobalSection(SolutionProperties) = preSolution
		HideSolutionNode = FALSE
	EndGlobalSection
	GlobalSection(ExtensibilityGlobals) = postSolution
		SolutionGuid = {746F7BF1-7F5B-4255-A6C1-2DEAE0AA5EBF}
	EndGlobalSection
EndGlobal
